
Microsoft Visual Studio Solution File, Format Version 12.00
# Visual Studio Version 17
VisualStudioVersion = 17.3.32929.385
MinimumVisualStudioVersion = 10.0.40219.1
Project("{9A19103F-16F7-4668-BE54-9A1E7A4F7556}") = "ControleFinanceiro", "ControleFinanceiro\ControleFinanceiro.csproj", "{F7E1AD01-6E61-4D32-ACDE-8CD84422E044}"
EndProject
Project("{9A19103F-16F7-4668-BE54-9A1E7A4F7556}") = "ControleFinanceiro.Tests", "ControleFinanceiro.Tests\ControleFinanceiro.Tests.csproj", "{EECA3253-6665-475E-BE19-7215A0776856}"
EndProject
Project("{FAE04EC0-301F-11D3-BF4B-00C04F79EFBC}") = "ControleFinanceiro.Console", "ControleFinanceiro.Console\ControleFinanceiro.Console.csproj", "{B8B7CA6A-DACE-4727-9E51-6B366DC4DDB8}"
EndProject
Project("{FAE04EC0-301F-11D3-BF4B-00C04F79EFBC}") = "ControleFinanceiro.Worker", "ControleFinanceiro.Worker\ControleFinanceiro.Worker.csproj", "{D9EFE15D-DBEF-47E6-91D9-DEE68E235D22}"
EndProject
Global
	GlobalSection(SolutionConfigurationPlatforms) = preSolution
		Debug|Any CPU = Debug|Any CPU
		Release|Any CPU = Release|Any CPU
	EndGlobalSection
	GlobalSection(ProjectConfigurationPlatforms) = postSolution
		{F7E1AD01-6E61-4D32-ACDE-8CD84422E044}.Debug|Any CPU.ActiveCfg = Debug|Any CPU
		{F7E1AD01-6E61-4D32-ACDE-8CD84422E044}.Debug|Any CPU.Build.0 = Debug|Any CPU
		{F7E1AD01-6E61-4D32-ACDE-8CD84422E044}.Release|Any CPU.ActiveCfg = Release|Any CPU
		{F7E1AD01-6E61-4D32-ACDE-8CD84422E044}.Release|Any CPU.Build.0 = Release|Any CPU
		{EECA3253-6665-475E-BE19-7215A0776856}.Debug|Any CPU.ActiveCfg = Debug|Any CPU
		{EECA3253-6665-475E-BE19-7215A0776856}.Debug|Any CPU.Build.0 = Debug|Any CPU
		{EECA3253-6665-475E-BE19-7215A0776856}.Release|Any CPU.ActiveCfg = Release|Any CPU
		{EECA3253-6665-475E-BE19-7215A0776856}.Release|Any CPU.Build.0 = Release|Any CPU
		{B8B7CA6A-DACE-4727-9E51-6B366DC4DDB8}.Debug|Any CPU.ActiveCfg = Debug|Any CPU
		{B8B7CA6A-DACE-4727-9E51-6B366DC4DDB8}.Debug|Any CPU.Build.0 = Debug|Any CPU
		{B8B7CA6A-DACE-4727-9E51-6B366DC4DDB8}.Release|Any CPU.ActiveCfg = Release|Any CPU
		{B8B7CA6A-DACE-4727-9E51-6B366DC4DDB8}.Release|Any CPU.Build.0 = Release|Any CPU
		{D9EFE15D-DBEF-47E6-91D9-DEE68E235D22}.Debug|Any CPU.ActiveCfg = Debug|Any CPU
		{D9EFE15D-DBEF-47E6-91D9-DEE68E235D22}.Debug|Any CPU.Build.0 = Debug|Any CPU
		{D9EFE15D-DBEF-47E6-91D9-DEE68E235D22}.Release|Any CPU.ActiveCfg = Release|Any CPU
		{D9EFE15D-DBEF-47E6-91D9-DEE68E235D22}.Release|Any CPU.Build.0 = Release|Any CPU
	EndGlobalSection
	GlobalSection(SolutionProperties) = preSolution
		HideSolutionNode = FALSE
	EndGlobalSection
	GlobalSection(ExtensibilityGlobals) = postSolution
		SolutionGuid = {7B73BF2C-FCBB-4C6C-8C67-4DA7AD005840}
	EndGlobalSection
EndGlobal
